
Microsoft Visual Studio Solution File, Format Version 12.00
# Visual Studio Version 17
VisualStudioVersion = 17.10.35013.160
MinimumVisualStudioVersion = 10.0.40219.1
Project("{FAE04EC0-301F-11D3-BF4B-00C04F79EFBC}") = "E-commerceShop", "E-commerceShop\E-commerceShop.csproj", "{A4CD96DC-B763-4BA0-A3CD-15C81E33D454}"
EndProject
Global
	GlobalSection(SolutionConfigurationPlatforms) = preSolution
		Debug|Any CPU = Debug|Any CPU
		Release|Any CPU = Release|Any CPU
	EndGlobalSection
	GlobalSection(ProjectConfigurationPlatforms) = postSolution
		{A4CD96DC-B763-4BA0-A3CD-15C81E33D454}.Debug|Any CPU.ActiveCfg = Debug|Any CPU
		{A4CD96DC-B763-4BA0-A3CD-15C81E33D454}.Debug|Any CPU.Build.0 = Debug|Any CPU
		{A4CD96DC-B763-4BA0-A3CD-15C81E33D454}.Release|Any CPU.ActiveCfg = Release|Any CPU
		{A4CD96DC-B763-4BA0-A3CD-15C81E33D454}.Release|Any CPU.Build.0 = Release|Any CPU
	EndGlobalSection
	GlobalSection(SolutionProperties) = preSolution
		HideSolutionNode = FALSE
	EndGlobalSection
	GlobalSection(ExtensibilityGlobals) = postSolution
		SolutionGuid = {79B01C68-8894-4BEE-9E4B-7CCEE9859727}
	EndGlobalSection
EndGlobal
